{
  "name": "simple-server-nodejs",
  "lockfileVersion": 3,
  "requires": true,
  "packages": {
    "": {
      "name": "simple-server-nodejs",
      "dependencies": {
        "@neogeek/tiny-api-tools": "npm:@jsr/neogeek__tiny-api-tools@1.3.0"
      }
    },
    "node_modules/@neogeek/tiny-api-tools": {
      "name": "@jsr/neogeek__tiny-api-tools",
      "version": "1.3.0",
      "resolved": "https://npm.jsr.io/~/11/@jsr/neogeek__tiny-api-tools/1.3.0.tgz",
      "integrity": "sha512-IpdET4sWCylXLJkgYTGedhI7koW8pv+6rE9HnBnx3mpxBPRs1Yw6Qguk0C2gqjKRpQTHnS07EFWUFUUyHHBtTA=="
    }
  }
}
