{
  "name": "simple-server-nodejs",
  "lockfileVersion": 3,
  "requires": true,
  "packages": {
    "": {
      "dependencies": {
        "@neogeek/tiny-api-tools": "npm:@jsr/neogeek__tiny-api-tools@1.2.1"
      }
    },
    "node_modules/@neogeek/tiny-api-tools": {
      "name": "@jsr/neogeek__tiny-api-tools",
      "version": "1.2.1",
      "resolved": "https://npm.jsr.io/~/11/@jsr/neogeek__tiny-api-tools/1.2.1.tgz",
      "integrity": "sha512-6oND+iWLxKK2oHPDLT3GmRRVYAtjguNmxUotndOuptcnKbYQdAjwGUb7XkLdxtCfvhqXXBBrJfhmDvNtWzvxwA=="
    }
  }
}
